
Microsoft Visual Studio Solution File, Format Version 12.00
# Visual Studio Version 17
VisualStudioVersion = 17.9.34723.18
MinimumVisualStudioVersion = 10.0.40219.1
Project("{9A19103F-16F7-4668-BE54-9A1E7A4F7556}") = "CinemaTicket", "CinemaTicket\CinemaTicket.csproj", "{9F6BC6E8-9FFD-463C-A139-29C12FCDECC9}"
EndProject
Global
	GlobalSection(SolutionConfigurationPlatforms) = preSolution
		Debug|Any CPU = Debug|Any CPU
		Release|Any CPU = Release|Any CPU
	EndGlobalSection
	GlobalSection(ProjectConfigurationPlatforms) = postSolution
		{9F6BC6E8-9FFD-463C-A139-29C12FCDECC9}.Debug|Any CPU.ActiveCfg = Debug|Any CPU
		{9F6BC6E8-9FFD-463C-A139-29C12FCDECC9}.Debug|Any CPU.Build.0 = Debug|Any CPU
		{9F6BC6E8-9FFD-463C-A139-29C12FCDECC9}.Release|Any CPU.ActiveCfg = Release|Any CPU
		{9F6BC6E8-9FFD-463C-A139-29C12FCDECC9}.Release|Any CPU.Build.0 = Release|Any CPU
	EndGlobalSection
	GlobalSection(SolutionProperties) = preSolution
		HideSolutionNode = FALSE
	EndGlobalSection
	GlobalSection(ExtensibilityGlobals) = postSolution
		SolutionGuid = {74DF87D6-4FD8-4D57-B2E9-AA95451F3F59}
	EndGlobalSection
EndGlobal
